
Microsoft Visual Studio Solution File, Format Version 12.00
# Visual Studio 15
VisualStudioVersion = 15.0.26403.7
MinimumVisualStudioVersion = 10.0.40219.1
Project("{FAE04EC0-301F-11D3-BF4B-00C04F79EFBC}") = "StationeryAPI", "StationeryAPI\StationeryAPI.csproj", "{8C5AE5A2-331C-41CC-9B68-6C1982689E4D}"
EndProject
Project("{FAE04EC0-301F-11D3-BF4B-00C04F79EFBC}") = "ShoppingDataAccess", "ShoppingDataAccess\ShoppingDataAccess.csproj", "{74C38525-4F1D-459A-8F8A-4EA2CDAC4C74}"
EndProject
Global
	GlobalSection(SolutionConfigurationPlatforms) = preSolution
		Debug|Any CPU = Debug|Any CPU
		Release|Any CPU = Release|Any CPU
	EndGlobalSection
	GlobalSection(ProjectConfigurationPlatforms) = postSolution
		{8C5AE5A2-331C-41CC-9B68-6C1982689E4D}.Debug|Any CPU.ActiveCfg = Debug|Any CPU
		{8C5AE5A2-331C-41CC-9B68-6C1982689E4D}.Debug|Any CPU.Build.0 = Debug|Any CPU
		{8C5AE5A2-331C-41CC-9B68-6C1982689E4D}.Release|Any CPU.ActiveCfg = Release|Any CPU
		{8C5AE5A2-331C-41CC-9B68-6C1982689E4D}.Release|Any CPU.Build.0 = Release|Any CPU
		{74C38525-4F1D-459A-8F8A-4EA2CDAC4C74}.Debug|Any CPU.ActiveCfg = Debug|Any CPU
		{74C38525-4F1D-459A-8F8A-4EA2CDAC4C74}.Debug|Any CPU.Build.0 = Debug|Any CPU
		{74C38525-4F1D-459A-8F8A-4EA2CDAC4C74}.Release|Any CPU.ActiveCfg = Release|Any CPU
		{74C38525-4F1D-459A-8F8A-4EA2CDAC4C74}.Release|Any CPU.Build.0 = Release|Any CPU
	EndGlobalSection
	GlobalSection(SolutionProperties) = preSolution
		HideSolutionNode = FALSE
	EndGlobalSection
EndGlobal
